
Microsoft Visual Studio Solution File, Format Version 12.00
# Visual Studio Version 17
VisualStudioVersion = 17.2.32526.322
MinimumVisualStudioVersion = 10.0.40219.1
Project("{FAE04EC0-301F-11D3-BF4B-00C04F79EFBC}") = "coder_and_decoder", "coder_and_decoder\coder_and_decoder.csproj", "{BCF0CD5F-7E3F-41E9-8C19-E66CE794FD26}"
EndProject
Global
	GlobalSection(SolutionConfigurationPlatforms) = preSolution
		Debug|Any CPU = Debug|Any CPU
		Release|Any CPU = Release|Any CPU
	EndGlobalSection
	GlobalSection(ProjectConfigurationPlatforms) = postSolution
		{BCF0CD5F-7E3F-41E9-8C19-E66CE794FD26}.Debug|Any CPU.ActiveCfg = Debug|Any CPU
		{BCF0CD5F-7E3F-41E9-8C19-E66CE794FD26}.Debug|Any CPU.Build.0 = Debug|Any CPU
		{BCF0CD5F-7E3F-41E9-8C19-E66CE794FD26}.Release|Any CPU.ActiveCfg = Release|Any CPU
		{BCF0CD5F-7E3F-41E9-8C19-E66CE794FD26}.Release|Any CPU.Build.0 = Release|Any CPU
	EndGlobalSection
	GlobalSection(SolutionProperties) = preSolution
		HideSolutionNode = FALSE
	EndGlobalSection
	GlobalSection(ExtensibilityGlobals) = postSolution
		SolutionGuid = {EF04C64B-503A-4866-BB63-A31FFB611EC5}
	EndGlobalSection
EndGlobal
